
Microsoft Visual Studio Solution File, Format Version 12.00
# Visual Studio Version 17
VisualStudioVersion = 17.0.31903.59
MinimumVisualStudioVersion = 10.0.40219.1
Project("{FAE04EC0-301F-11D3-BF4B-00C04F79EFBC}") = "RavenDbTesting.Tests", "RavenDbTesting.Tests\RavenDbTesting.Tests.csproj", "{7D7D390C-120B-457B-BEA4-1FF3A135A158}"
EndProject
Project("{FAE04EC0-301F-11D3-BF4B-00C04F79EFBC}") = "RavenDbTesting.Data", "RavenDbTesting.Data\RavenDbTesting.Data.csproj", "{C71172E4-C44C-4AF8-A808-EF5A73210E23}"
EndProject
Project("{FAE04EC0-301F-11D3-BF4B-00C04F79EFBC}") = "RavenDbTesting.Logic", "RavenDbTesting.Logic\RavenDbTesting.Logic.csproj", "{434286CD-AE6F-4CC6-A3CB-46578DD03F29}"
EndProject
Global
	GlobalSection(SolutionConfigurationPlatforms) = preSolution
		Debug|Any CPU = Debug|Any CPU
		Release|Any CPU = Release|Any CPU
	EndGlobalSection
	GlobalSection(SolutionProperties) = preSolution
		HideSolutionNode = FALSE
	EndGlobalSection
	GlobalSection(ProjectConfigurationPlatforms) = postSolution
		{7D7D390C-120B-457B-BEA4-1FF3A135A158}.Debug|Any CPU.ActiveCfg = Debug|Any CPU
		{7D7D390C-120B-457B-BEA4-1FF3A135A158}.Debug|Any CPU.Build.0 = Debug|Any CPU
		{7D7D390C-120B-457B-BEA4-1FF3A135A158}.Release|Any CPU.ActiveCfg = Release|Any CPU
		{7D7D390C-120B-457B-BEA4-1FF3A135A158}.Release|Any CPU.Build.0 = Release|Any CPU
		{C71172E4-C44C-4AF8-A808-EF5A73210E23}.Debug|Any CPU.ActiveCfg = Debug|Any CPU
		{C71172E4-C44C-4AF8-A808-EF5A73210E23}.Debug|Any CPU.Build.0 = Debug|Any CPU
		{C71172E4-C44C-4AF8-A808-EF5A73210E23}.Release|Any CPU.ActiveCfg = Release|Any CPU
		{C71172E4-C44C-4AF8-A808-EF5A73210E23}.Release|Any CPU.Build.0 = Release|Any CPU
		{434286CD-AE6F-4CC6-A3CB-46578DD03F29}.Debug|Any CPU.ActiveCfg = Debug|Any CPU
		{434286CD-AE6F-4CC6-A3CB-46578DD03F29}.Debug|Any CPU.Build.0 = Debug|Any CPU
		{434286CD-AE6F-4CC6-A3CB-46578DD03F29}.Release|Any CPU.ActiveCfg = Release|Any CPU
		{434286CD-AE6F-4CC6-A3CB-46578DD03F29}.Release|Any CPU.Build.0 = Release|Any CPU
	EndGlobalSection
EndGlobal
